// !$*UTF8*$!
{
	archiveVersion = 1;
	classes = {
	};
	objectVersion = 48;
	objects = {

/* Begin PBXBuildFile section */
		026DF9F51FE87DE100DF3229 /* AppDelegate.swift in Sources */ = {isa = PBXBuildFile; fileRef = 026DF9F41FE87DE100DF3229 /* AppDelegate.swift */; };
		026DF9F71FE87DE100DF3229 /* GalleryViewController.swift in Sources */ = {isa = PBXBuildFile; fileRef = 026DF9F61FE87DE100DF3229 /* GalleryViewController.swift */; };
		026DF9FA1FE87DE100DF3229 /* Main.storyboard in Resources */ = {isa = PBXBuildFile; fileRef = 026DF9F81FE87DE100DF3229 /* Main.storyboard */; };
		026DF9FC1FE87DE100DF3229 /* Assets.xcassets in Resources */ = {isa = PBXBuildFile; fileRef = 026DF9FB1FE87DE100DF3229 /* Assets.xcassets */; };
		026DF9FF1FE87DE100DF3229 /* LaunchScreen.storyboard in Resources */ = {isa = PBXBuildFile; fileRef = 026DF9FD1FE87DE100DF3229 /* LaunchScreen.storyboard */; };
		026DFA081FE880FF00DF3229 /* Photo.swift in Sources */ = {isa = PBXBuildFile; fileRef = 026DFA071FE880FF00DF3229 /* Photo.swift */; };
		026DFA0C1FE8817200DF3229 /* NetworkManager.swift in Sources */ = {isa = PBXBuildFile; fileRef = 026DFA0B1FE8817200DF3229 /* NetworkManager.swift */; };
		026DFA0F1FE88E2500DF3229 /* PhotoParser.swift in Sources */ = {isa = PBXBuildFile; fileRef = 026DFA0E1FE88E2500DF3229 /* PhotoParser.swift */; };
		ADE9C7500656F82CFC73CD56 /* Pods_500pxGallery.framework in Frameworks */ = {isa = PBXBuildFile; fileRef = EE99A490DB57E5C9BF33AE4C /* Pods_500pxGallery.framework */; };
/* End PBXBuildFile section */

/* Begin PBXFileReference section */
		026DF9F11FE87DE100DF3229 /* 500pxGallery.app */ = {isa = PBXFileReference; explicitFileType = wrapper.application; includeInIndex = 0; path = 500pxGallery.app; sourceTree = BUILT_PRODUCTS_DIR; };
		026DF9F41FE87DE100DF3229 /* AppDelegate.swift */ = {isa = PBXFileReference; lastKnownFileType = sourcecode.swift; path = AppDelegate.swift; sourceTree = "<group>"; };
		026DF9F61FE87DE100DF3229 /* GalleryViewController.swift */ = {isa = PBXFileReference; lastKnownFileType = sourcecode.swift; path = GalleryViewController.swift; sourceTree = "<group>"; };
		026DF9F91FE87DE100DF3229 /* Base */ = {isa = PBXFileReference; lastKnownFileType = file.storyboard; name = Base; path = Base.lproj/Main.storyboard; sourceTree = "<group>"; };
		026DF9FB1FE87DE100DF3229 /* Assets.xcassets */ = {isa = PBXFileReference; lastKnownFileType = folder.assetcatalog; path = Assets.xcassets; sourceTree = "<group>"; };
		026DF9FE1FE87DE100DF3229 /* Base */ = {isa = PBXFileReference; lastKnownFileType = file.storyboard; name = Base; path = Base.lproj/LaunchScreen.storyboard; sourceTree = "<group>"; };
		026DFA001FE87DE100DF3229 /* Info.plist */ = {isa = PBXFileReference; lastKnownFileType = text.plist.xml; path = Info.plist; sourceTree = "<group>"; };
		026DFA071FE880FF00DF3229 /* Photo.swift */ = {isa = PBXFileReference; lastKnownFileType = sourcecode.swift; path = Photo.swift; sourceTree = "<group>"; };
		026DFA0B1FE8817200DF3229 /* NetworkManager.swift */ = {isa = PBXFileReference; lastKnownFileType = sourcecode.swift; path = NetworkManager.swift; sourceTree = "<group>"; };
		026DFA0E1FE88E2500DF3229 /* PhotoParser.swift */ = {isa = PBXFileReference; lastKnownFileType = sourcecode.swift; path = PhotoParser.swift; sourceTree = "<group>"; };
		E4980B4F32196F8E9279A249 /* Pods-500pxGallery.release.xcconfig */ = {isa = PBXFileReference; includeInIndex = 1; lastKnownFileType = text.xcconfig; name = "Pods-500pxGallery.release.xcconfig"; path = "Pods/Target Support Files/Pods-500pxGallery/Pods-500pxGallery.release.xcconfig"; sourceTree = "<group>"; };
		ED07189F172FA0066EBF0D00 /* Pods-500pxGallery.debug.xcconfig */ = {isa = PBXFileReference; includeInIndex = 1; lastKnownFileType = text.xcconfig; name = "Pods-500pxGallery.debug.xcconfig"; path = "Pods/Target Support Files/Pods-500pxGallery/Pods-500pxGallery.debug.xcconfig"; sourceTree = "<group>"; };
		EE99A490DB57E5C9BF33AE4C /* Pods_500pxGallery.framework */ = {isa = PBXFileReference; explicitFileType = wrapper.framework; includeInIndex = 0; path = Pods_500pxGallery.framework; sourceTree = BUILT_PRODUCTS_DIR; };
/* End PBXFileReference section */

/* Begin PBXFrameworksBuildPhase section */
		026DF9EE1FE87DE100DF3229 /* Frameworks */ = {
			isa = PBXFrameworksBuildPhase;
			buildActionMask = 2147483647;
			files = (
				ADE9C7500656F82CFC73CD56 /* Pods_500pxGallery.framework in Frameworks */,
			);
			runOnlyForDeploymentPostprocessing = 0;
		};
/* End PBXFrameworksBuildPhase section */

/* Begin PBXGroup section */
		026DF9E81FE87DE100DF3229 = {
			isa = PBXGroup;
			children = (
				026DF9F31FE87DE100DF3229 /* 500pxGallery */,
				026DF9F21FE87DE100DF3229 /* Products */,
				B2636DB2F5040353856093CD /* Pods */,
				D518DA42F508177E58FFD113 /* Frameworks */,
			);
			sourceTree = "<group>";
		};
		026DF9F21FE87DE100DF3229 /* Products */ = {
			isa = PBXGroup;
			children = (
				026DF9F11FE87DE100DF3229 /* 500pxGallery.app */,
			);
			name = Products;
			sourceTree = "<group>";
		};
		026DF9F31FE87DE100DF3229 /* 500pxGallery */ = {
			isa = PBXGroup;
			children = (
				026DFA0D1FE88E0A00DF3229 /* Parser */,
				026DFA0A1FE8815600DF3229 /* Network */,
				026DFA061FE87F2400DF3229 /* Model */,
				026DF9F41FE87DE100DF3229 /* AppDelegate.swift */,
				026DF9F61FE87DE100DF3229 /* GalleryViewController.swift */,
				026DF9F81FE87DE100DF3229 /* Main.storyboard */,
				026DF9FB1FE87DE100DF3229 /* Assets.xcassets */,
				026DF9FD1FE87DE100DF3229 /* LaunchScreen.storyboard */,
				026DFA001FE87DE100DF3229 /* Info.plist */,
			);
			path = 500pxGallery;
			sourceTree = "<group>";
		};
		026DFA061FE87F2400DF3229 /* Model */ = {
			isa = PBXGroup;
			children = (
				026DFA071FE880FF00DF3229 /* Photo.swift */,
			);
			name = Model;
			sourceTree = "<group>";
		};
		026DFA0A1FE8815600DF3229 /* Network */ = {
			isa = PBXGroup;
			children = (
				026DFA0B1FE8817200DF3229 /* NetworkManager.swift */,
			);
			name = Network;
			sourceTree = "<group>";
		};
		026DFA0D1FE88E0A00DF3229 /* Parser */ = {
			isa = PBXGroup;
			children = (
				026DFA0E1FE88E2500DF3229 /* PhotoParser.swift */,
			);
			name = Parser;
			sourceTree = "<group>";
		};
		B2636DB2F5040353856093CD /* Pods */ = {
			isa = PBXGroup;
			children = (
				ED07189F172FA0066EBF0D00 /* Pods-500pxGallery.debug.xcconfig */,
				E4980B4F32196F8E9279A249 /* Pods-500pxGallery.release.xcconfig */,
			);
			name = Pods;
			sourceTree = "<group>";
		};
		D518DA42F508177E58FFD113 /* Frameworks */ = {
			isa = PBXGroup;
			children = (
				EE99A490DB57E5C9BF33AE4C /* Pods_500pxGallery.framework */,
			);
			name = Frameworks;
			sourceTree = "<group>";
		};
/* End PBXGroup section */

/* Begin PBXNativeTarget section */
		026DF9F01FE87DE100DF3229 /* 500pxGallery */ = {
			isa = PBXNativeTarget;
			buildConfigurationList = 026DFA031FE87DE100DF3229 /* Build configuration list for PBXNativeTarget "500pxGallery" */;
			buildPhases = (
				A3CC69C115411D7A6D977B26 /* [CP] Check Pods Manifest.lock */,
				026DF9ED1FE87DE100DF3229 /* Sources */,
				026DF9EE1FE87DE100DF3229 /* Frameworks */,
				026DF9EF1FE87DE100DF3229 /* Resources */,
				4C47681D47D57FFF86FFBA53 /* [CP] Embed Pods Frameworks */,
				5E6133ECC2D380AE033C47D2 /* [CP] Copy Pods Resources */,
			);
			buildRules = (
			);
			dependencies = (
			);
			name = 500pxGallery;
			productName = 500pxGallery;
			productReference = 026DF9F11FE87DE100DF3229 /* 500pxGallery.app */;
			productType = "com.apple.product-type.application";
		};
/* End PBXNativeTarget section */

/* Begin PBXProject section */
		026DF9E91FE87DE100DF3229 /* Project object */ = {
			isa = PBXProject;
			attributes = {
				LastSwiftUpdateCheck = 0910;
				LastUpgradeCheck = 0910;
				ORGANIZATIONNAME = MinKwon;
				TargetAttributes = {
					026DF9F01FE87DE100DF3229 = {
						CreatedOnToolsVersion = 9.1;
						ProvisioningStyle = Automatic;
					};
				};
			};
			buildConfigurationList = 026DF9EC1FE87DE100DF3229 /* Build configuration list for PBXProject "500pxGallery" */;
			compatibilityVersion = "Xcode 8.0";
			developmentRegion = en;
			hasScannedForEncodings = 0;
			knownRegions = (
				en,
				Base,
			);
			mainGroup = 026DF9E81FE87DE100DF3229;
			productRefGroup = 026DF9F21FE87DE100DF3229 /* Products */;
			projectDirPath = "";
			projectRoot = "";
			targets = (
				026DF9F01FE87DE100DF3229 /* 500pxGallery */,
			);
		};
/* End PBXProject section */

/* Begin PBXResourcesBuildPhase section */
		026DF9EF1FE87DE100DF3229 /* Resources */ = {
			isa = PBXResourcesBuildPhase;
			buildActionMask = 2147483647;
			files = (
				026DF9FF1FE87DE100DF3229 /* LaunchScreen.storyboard in Resources */,
				026DF9FC1FE87DE100DF3229 /* Assets.xcassets in Resources */,
				026DF9FA1FE87DE100DF3229 /* Main.storyboard in Resources */,
			);
			runOnlyForDeploymentPostprocessing = 0;
		};
/* End PBXResourcesBuildPhase section */

/* Begin PBXShellScriptBuildPhase section */
		4C47681D47D57FFF86FFBA53 /* [CP] Embed Pods Frameworks */ = {
			isa = PBXShellScriptBuildPhase;
			buildActionMask = 2147483647;
			files = (
			);
			inputPaths = (
				"${SRCROOT}/Pods/Target Support Files/Pods-500pxGallery/Pods-500pxGallery-frameworks.sh",
				"${BUILT_PRODUCTS_DIR}/Alamofire/Alamofire.framework",
				"${BUILT_PRODUCTS_DIR}/AlamofireImage/AlamofireImage.framework",
			);
			name = "[CP] Embed Pods Frameworks";
			outputPaths = (
				"${TARGET_BUILD_DIR}/${FRAMEWORKS_FOLDER_PATH}/Alamofire.framework",
				"${TARGET_BUILD_DIR}/${FRAMEWORKS_FOLDER_PATH}/AlamofireImage.framework",
			);
			runOnlyForDeploymentPostprocessing = 0;
			shellPath = /bin/sh;
			shellScript = "\"${SRCROOT}/Pods/Target Support Files/Pods-500pxGallery/Pods-500pxGallery-frameworks.sh\"\n";
			showEnvVarsInLog = 0;
		};
		5E6133ECC2D380AE033C47D2 /* [CP] Copy Pods Resources */ = {
			isa = PBXShellScriptBuildPhase;
			buildActionMask = 2147483647;
			files = (
			);
			inputPaths = (
			);
			name = "[CP] Copy Pods Resources";
			outputPaths = (
			);
			runOnlyForDeploymentPostprocessing = 0;
			shellPath = /bin/sh;
			shellScript = "\"${SRCROOT}/Pods/Target Support Files/Pods-500pxGallery/Pods-500pxGallery-resources.sh\"\n";
			showEnvVarsInLog = 0;
		};
		A3CC69C115411D7A6D977B26 /* [CP] Check Pods Manifest.lock */ = {
			isa = PBXShellScriptBuildPhase;
			buildActionMask = 2147483647;
			files = (
			);
			inputPaths = (
				"${PODS_PODFILE_DIR_PATH}/Podfile.lock",
				"${PODS_ROOT}/Manifest.lock",
			);
			name = "[CP] Check Pods Manifest.lock";
			outputPaths = (
				"$(DERIVED_FILE_DIR)/Pods-500pxGallery-checkManifestLockResult.txt",
			);
			runOnlyForDeploymentPostprocessing = 0;
			shellPath = /bin/sh;
			shellScript = "diff \"${PODS_PODFILE_DIR_PATH}/Podfile.lock\" \"${PODS_ROOT}/Manifest.lock\" > /dev/null\nif [ $? != 0 ] ; then\n    # print error to STDERR\n    echo \"error: The sandbox is not in sync with the Podfile.lock. Run 'pod install' or update your CocoaPods installation.\" >&2\n    exit 1\nfi\n# This output is used by Xcode 'outputs' to avoid re-running this script phase.\necho \"SUCCESS\" > \"${SCRIPT_OUTPUT_FILE_0}\"\n";
			showEnvVarsInLog = 0;
		};
/* End PBXShellScriptBuildPhase section */

/* Begin PBXSourcesBuildPhase section */
		026DF9ED1FE87DE100DF3229 /* Sources */ = {
			isa = PBXSourcesBuildPhase;
			buildActionMask = 2147483647;
			files = (
				026DFA0C1FE8817200DF3229 /* NetworkManager.swift in Sources */,
				026DFA0F1FE88E2500DF3229 /* PhotoParser.swift in Sources */,
				026DFA081FE880FF00DF3229 /* Photo.swift in Sources */,
				026DF9F71FE87DE100DF3229 /* GalleryViewController.swift in Sources */,
				026DF9F51FE87DE100DF3229 /* AppDelegate.swift in Sources */,
			);
			runOnlyForDeploymentPostprocessing = 0;
		};
/* End PBXSourcesBuildPhase section */

/* Begin PBXVariantGroup section */
		026DF9F81FE87DE100DF3229 /* Main.storyboard */ = {
			isa = PBXVariantGroup;
			children = (
				026DF9F91FE87DE100DF3229 /* Base */,
			);
			name = Main.storyboard;
			sourceTree = "<group>";
		};
		026DF9FD1FE87DE100DF3229 /* LaunchScreen.storyboard */ = {
			isa = PBXVariantGroup;
			children = (
				026DF9FE1FE87DE100DF3229 /* Base */,
			);
			name = LaunchScreen.storyboard;
			sourceTree = "<group>";
		};
/* End PBXVariantGroup section */

/* Begin XCBuildConfiguration section */
		026DFA011FE87DE100DF3229 /* Debug */ = {
			isa = XCBuildConfiguration;
			buildSettings = {
				ALWAYS_SEARCH_USER_PATHS = NO;
				CLANG_ANALYZER_NONNULL = YES;
				CLANG_ANALYZER_NUMBER_OBJECT_CONVERSION = YES_AGGRESSIVE;
				CLANG_CXX_LANGUAGE_STANDARD = "gnu++14";
				CLANG_CXX_LIBRARY = "libc++";
				CLANG_ENABLE_MODULES = YES;
				CLANG_ENABLE_OBJC_ARC = YES;
				CLANG_WARN_BLOCK_CAPTURE_AUTORELEASING = YES;
				CLANG_WARN_BOOL_CONVERSION = YES;
				CLANG_WARN_COMMA = YES;
				CLANG_WARN_CONSTANT_CONVERSION = YES;
				CLANG_WARN_DIRECT_OBJC_ISA_USAGE = YES_ERROR;
				CLANG_WARN_DOCUMENTATION_COMMENTS = YES;
				CLANG_WARN_EMPTY_BODY = YES;
				CLANG_WARN_ENUM_CONVERSION = YES;
				CLANG_WARN_INFINITE_RECURSION = YES;
				CLANG_WARN_INT_CONVERSION = YES;
				CLANG_WARN_NON_LITERAL_NULL_CONVERSION = YES;
				CLANG_WARN_OBJC_LITERAL_CONVERSION = YES;
				CLANG_WARN_OBJC_ROOT_CLASS = YES_ERROR;
				CLANG_WARN_RANGE_LOOP_ANALYSIS = YES;
				CLANG_WARN_STRICT_PROTOTYPES = YES;
				CLANG_WARN_SUSPICIOUS_MOVE = YES;
				CLANG_WARN_UNGUARDED_AVAILABILITY = YES_AGGRESSIVE;
				CLANG_WARN_UNREACHABLE_CODE = YES;
				CLANG_WARN__DUPLICATE_METHOD_MATCH = YES;
				CODE_SIGN_IDENTITY = "iPhone Developer";
				COPY_PHASE_STRIP = NO;
				DEBUG_INFORMATION_FORMAT = dwarf;
				ENABLE_STRICT_OBJC_MSGSEND = YES;
				ENABLE_TESTABILITY = YES;
				GCC_C_LANGUAGE_STANDARD = gnu11;
				GCC_DYNAMIC_NO_PIC = NO;
				GCC_NO_COMMON_BLOCKS = YES;
				GCC_OPTIMIZATION_LEVEL = 0;
				GCC_PREPROCESSOR_DEFINITIONS = (
					"DEBUG=1",
					"$(inherited)",
				);
				GCC_WARN_64_TO_32_BIT_CONVERSION = YES;
				GCC_WARN_ABOUT_RETURN_TYPE = YES_ERROR;
				GCC_WARN_UNDECLARED_SELECTOR = YES;
				GCC_WARN_UNINITIALIZED_AUTOS = YES_AGGRESSIVE;
				GCC_WARN_UNUSED_FUNCTION = YES;
				GCC_WARN_UNUSED_VARIABLE = YES;
				IPHONEOS_DEPLOYMENT_TARGET = 11.1;
				MTL_ENABLE_DEBUG_INFO = YES;
				ONLY_ACTIVE_ARCH = YES;
				SDKROOT = iphoneos;
				SWIFT_ACTIVE_COMPILATION_CONDITIONS = DEBUG;
				SWIFT_OPTIMIZATION_LEVEL = "-Onone";
			};
			name = Debug;
		};
		026DFA021FE87DE100DF3229 /* Release */ = {
			isa = XCBuildConfiguration;
			buildSettings = {
				ALWAYS_SEARCH_USER_PATHS = NO;
				CLANG_ANALYZER_NONNULL = YES;
				CLANG_ANALYZER_NUMBER_OBJECT_CONVERSION = YES_AGGRESSIVE;
				CLANG_CXX_LANGUAGE_STANDARD = "gnu++14";
				CLANG_CXX_LIBRARY = "libc++";
				CLANG_ENABLE_MODULES = YES;
				CLANG_ENABLE_OBJC_ARC = YES;
				CLANG_WARN_BLOCK_CAPTURE_AUTORELEASING = YES;
				CLANG_WARN_BOOL_CONVERSION = YES;
				CLANG_WARN_COMMA = YES;
				CLANG_WARN_CONSTANT_CONVERSION = YES;
				CLANG_WARN_DIRECT_OBJC_ISA_USAGE = YES_ERROR;
				CLANG_WARN_DOCUMENTATION_COMMENTS = YES;
				CLANG_WARN_EMPTY_BODY = YES;
				CLANG_WARN_ENUM_CONVERSION = YES;
				CLANG_WARN_INFINITE_RECURSION = YES;
				CLANG_WARN_INT_CONVERSION = YES;
				CLANG_WARN_NON_LITERAL_NULL_CONVERSION = YES;
				CLANG_WARN_OBJC_LITERAL_CONVERSION = YES;
				CLANG_WARN_OBJC_ROOT_CLASS = YES_ERROR;
				CLANG_WARN_RANGE_LOOP_ANALYSIS = YES;
				CLANG_WARN_STRICT_PROTOTYPES = YES;
				CLANG_WARN_SUSPICIOUS_MOVE = YES;
				CLANG_WARN_UNGUARDED_AVAILABILITY = YES_AGGRESSIVE;
				CLANG_WARN_UNREACHABLE_CODE = YES;
				CLANG_WARN__DUPLICATE_METHOD_MATCH = YES;
				CODE_SIGN_IDENTITY = "iPhone Developer";
				COPY_PHASE_STRIP = NO;
				DEBUG_INFORMATION_FORMAT = "dwarf-with-dsym";
				ENABLE_NS_ASSERTIONS = NO;
				ENABLE_STRICT_OBJC_MSGSEND = YES;
				GCC_C_LANGUAGE_STANDARD = gnu11;
				GCC_NO_COMMON_BLOCKS = YES;
				GCC_WARN_64_TO_32_BIT_CONVERSION = YES;
				GCC_WARN_ABOUT_RETURN_TYPE = YES_ERROR;
				GCC_WARN_UNDECLARED_SELECTOR = YES;
				GCC_WARN_UNINITIALIZED_AUTOS = YES_AGGRESSIVE;
				GCC_WARN_UNUSED_FUNCTION = YES;
				GCC_WARN_UNUSED_VARIABLE = YES;
				IPHONEOS_DEPLOYMENT_TARGET = 11.1;
				MTL_ENABLE_DEBUG_INFO = NO;
				SDKROOT = iphoneos;
				SWIFT_OPTIMIZATION_LEVEL = "-Owholemodule";
				VALIDATE_PRODUCT = YES;
			};
			name = Release;
		};
		026DFA041FE87DE100DF3229 /* Debug */ = {
			isa = XCBuildConfiguration;
			baseConfigurationReference = ED07189F172FA0066EBF0D00 /* Pods-500pxGallery.debug.xcconfig */;
			buildSettings = {
				ASSETCATALOG_COMPILER_APPICON_NAME = AppIcon;
				CODE_SIGN_STYLE = Automatic;
				DEVELOPMENT_TEAM = 39FK66NX2P;
				INFOPLIST_FILE = 500pxGallery/Info.plist;
				LD_RUNPATH_SEARCH_PATHS = "$(inherited) @executable_path/Frameworks";
				PRODUCT_BUNDLE_IDENTIFIER = "com.mkwon.-00pxGallery";
				PRODUCT_NAME = "$(TARGET_NAME)";
				SWIFT_VERSION = 4.0;
				TARGETED_DEVICE_FAMILY = "1,2";
			};
			name = Debug;
		};
		026DFA051FE87DE100DF3229 /* Release */ = {
			isa = XCBuildConfiguration;
			baseConfigurationReference = E4980B4F32196F8E9279A249 /* Pods-500pxGallery.release.xcconfig */;
			buildSettings = {
				ASSETCATALOG_COMPILER_APPICON_NAME = AppIcon;
				CODE_SIGN_STYLE = Automatic;
				DEVELOPMENT_TEAM = 39FK66NX2P;
				INFOPLIST_FILE = 500pxGallery/Info.plist;
				LD_RUNPATH_SEARCH_PATHS = "$(inherited) @executable_path/Frameworks";
				PRODUCT_BUNDLE_IDENTIFIER = "com.mkwon.-00pxGallery";
				PRODUCT_NAME = "$(TARGET_NAME)";
				SWIFT_VERSION = 4.0;
				TARGETED_DEVICE_FAMILY = "1,2";
			};
			name = Release;
		};
/* End XCBuildConfiguration section */

/* Begin XCConfigurationList section */
		026DF9EC1FE87DE100DF3229 /* Build configuration list for PBXProject "500pxGallery" */ = {
			isa = XCConfigurationList;
			buildConfigurations = (
				026DFA011FE87DE100DF3229 /* Debug */,
				026DFA021FE87DE100DF3229 /* Release */,
			);
			defaultConfigurationIsVisible = 0;
			defaultConfigurationName = Release;
		};
		026DFA031FE87DE100DF3229 /* Build configuration list for PBXNativeTarget "500pxGallery" */ = {
			isa = XCConfigurationList;
			buildConfigurations = (
				026DFA041FE87DE100DF3229 /* Debug */,
				026DFA051FE87DE100DF3229 /* Release */,
			);
			defaultConfigurationIsVisible = 0;
			defaultConfigurationName = Release;
		};
/* End XCConfigurationList section */
	};
	rootObject = 026DF9E91FE87DE100DF3229 /* Project object */;
}
